
Microsoft Visual Studio Solution File, Format Version 12.00
# Visual Studio Version 16
VisualStudioVersion = 16.0.30309.148
MinimumVisualStudioVersion = 10.0.40219.1
Project("{9A19103F-16F7-4668-BE54-9A1E7A4F7556}") = "tradehelperapi", "tradehelperapi.csproj", "{DB628581-6320-444C-8C3B-6201F883E18C}"
EndProject
Global
	GlobalSection(SolutionConfigurationPlatforms) = preSolution
		Debug|Any CPU = Debug|Any CPU
		Release|Any CPU = Release|Any CPU
	EndGlobalSection
	GlobalSection(ProjectConfigurationPlatforms) = postSolution
		{DB628581-6320-444C-8C3B-6201F883E18C}.Debug|Any CPU.ActiveCfg = Debug|Any CPU
		{DB628581-6320-444C-8C3B-6201F883E18C}.Debug|Any CPU.Build.0 = Debug|Any CPU
		{DB628581-6320-444C-8C3B-6201F883E18C}.Release|Any CPU.ActiveCfg = Release|Any CPU
		{DB628581-6320-444C-8C3B-6201F883E18C}.Release|Any CPU.Build.0 = Release|Any CPU
	EndGlobalSection
	GlobalSection(SolutionProperties) = preSolution
		HideSolutionNode = FALSE
	EndGlobalSection
	GlobalSection(ExtensibilityGlobals) = postSolution
		SolutionGuid = {429B7D2B-AB42-4F41-925C-A756E8EE546F}
	EndGlobalSection
EndGlobal
